
Microsoft Visual Studio Solution File, Format Version 12.00
# Visual Studio Version 17
VisualStudioVersion = 17.7.34202.233
MinimumVisualStudioVersion = 10.0.40219.1
Project("{FAE04EC0-301F-11D3-BF4B-00C04F79EFBC}") = "EjercicioInterfaces", "EjercicioInterfaces\EjercicioInterfaces.csproj", "{399659FC-AA34-47B5-B690-5CEFA71308DF}"
EndProject
Global
	GlobalSection(SolutionConfigurationPlatforms) = preSolution
		Debug|Any CPU = Debug|Any CPU
		Release|Any CPU = Release|Any CPU
	EndGlobalSection
	GlobalSection(ProjectConfigurationPlatforms) = postSolution
		{399659FC-AA34-47B5-B690-5CEFA71308DF}.Debug|Any CPU.ActiveCfg = Debug|Any CPU
		{399659FC-AA34-47B5-B690-5CEFA71308DF}.Debug|Any CPU.Build.0 = Debug|Any CPU
		{399659FC-AA34-47B5-B690-5CEFA71308DF}.Release|Any CPU.ActiveCfg = Release|Any CPU
		{399659FC-AA34-47B5-B690-5CEFA71308DF}.Release|Any CPU.Build.0 = Release|Any CPU
	EndGlobalSection
	GlobalSection(SolutionProperties) = preSolution
		HideSolutionNode = FALSE
	EndGlobalSection
	GlobalSection(ExtensibilityGlobals) = postSolution
		SolutionGuid = {FA5E8CAB-A1F1-4E71-BD73-5DAB5C96E92A}
	EndGlobalSection
EndGlobal
